// !$*UTF8*$!
{
	archiveVersion = 1;
	classes = {
	};
	objectVersion = 55;
	objects = {

/* Begin PBXBuildFile section */
		8402F1CC2AF1231E007E608E /* AuthApp.swift in Sources */ = {isa = PBXBuildFile; fileRef = 8402F1CB2AF1231E007E608E /* AuthApp.swift */; };
		8402F1CE2AF1231E007E608E /* ContentView.swift in Sources */ = {isa = PBXBuildFile; fileRef = 8402F1CD2AF1231E007E608E /* ContentView.swift */; };
		8402F1D02AF12320007E608E /* Assets.xcassets in Resources */ = {isa = PBXBuildFile; fileRef = 8402F1CF2AF12320007E608E /* Assets.xcassets */; };
		8402F1D32AF12320007E608E /* Preview Assets.xcassets in Resources */ = {isa = PBXBuildFile; fileRef = 8402F1D22AF12320007E608E /* Preview Assets.xcassets */; };
		8402F1E42AF1244C007E608E /* LogInView.swift in Sources */ = {isa = PBXBuildFile; fileRef = 8402F1E32AF1244C007E608E /* LogInView.swift */; };
		8402F1E62AF1275E007E608E /* InputView.swift in Sources */ = {isa = PBXBuildFile; fileRef = 8402F1E52AF1275E007E608E /* InputView.swift */; };
		8416C41B2AF26FCA00F27035 /* AuthViewModel.swift in Sources */ = {isa = PBXBuildFile; fileRef = 8416C41A2AF26FCA00F27035 /* AuthViewModel.swift */; };
		849DF6BC2AF20AB300E35D61 /* RegistrationView.swift in Sources */ = {isa = PBXBuildFile; fileRef = 849DF6BB2AF20AB300E35D61 /* RegistrationView.swift */; };
		849DF6BE2AF2133E00E35D61 /* ProfileView.swift in Sources */ = {isa = PBXBuildFile; fileRef = 849DF6BD2AF2133E00E35D61 /* ProfileView.swift */; };
		849DF6C02AF2148E00E35D61 /* SettingsRowView.swift in Sources */ = {isa = PBXBuildFile; fileRef = 849DF6BF2AF2148E00E35D61 /* SettingsRowView.swift */; };
		849DF6C22AF2160600E35D61 /* User.swift in Sources */ = {isa = PBXBuildFile; fileRef = 849DF6C12AF2160600E35D61 /* User.swift */; };
		849DF6C42AF2447B00E35D61 /* GoogleService-Info.plist in Resources */ = {isa = PBXBuildFile; fileRef = 849DF6C32AF2447B00E35D61 /* GoogleService-Info.plist */; };
		849DF6C72AF2458700E35D61 /* FirebaseAuth in Frameworks */ = {isa = PBXBuildFile; productRef = 849DF6C62AF2458700E35D61 /* FirebaseAuth */; };
		849DF6C92AF2458700E35D61 /* FirebaseFirestore in Frameworks */ = {isa = PBXBuildFile; productRef = 849DF6C82AF2458700E35D61 /* FirebaseFirestore */; };
		849DF6CB2AF2458700E35D61 /* FirebaseFirestoreSwift in Frameworks */ = {isa = PBXBuildFile; productRef = 849DF6CA2AF2458700E35D61 /* FirebaseFirestoreSwift */; };
		849DF6CD2AF2458700E35D61 /* FirebaseStorage in Frameworks */ = {isa = PBXBuildFile; productRef = 849DF6CC2AF2458700E35D61 /* FirebaseStorage */; };
/* End PBXBuildFile section */

/* Begin PBXFileReference section */
		8402F1C82AF1231E007E608E /* Auth.app */ = {isa = PBXFileReference; explicitFileType = wrapper.application; includeInIndex = 0; path = Auth.app; sourceTree = BUILT_PRODUCTS_DIR; };
		8402F1CB2AF1231E007E608E /* AuthApp.swift */ = {isa = PBXFileReference; lastKnownFileType = sourcecode.swift; path = AuthApp.swift; sourceTree = "<group>"; };
		8402F1CD2AF1231E007E608E /* ContentView.swift */ = {isa = PBXFileReference; lastKnownFileType = sourcecode.swift; path = ContentView.swift; sourceTree = "<group>"; };
		8402F1CF2AF12320007E608E /* Assets.xcassets */ = {isa = PBXFileReference; lastKnownFileType = folder.assetcatalog; path = Assets.xcassets; sourceTree = "<group>"; };
		8402F1D22AF12320007E608E /* Preview Assets.xcassets */ = {isa = PBXFileReference; lastKnownFileType = folder.assetcatalog; path = "Preview Assets.xcassets"; sourceTree = "<group>"; };
		8402F1E32AF1244C007E608E /* LogInView.swift */ = {isa = PBXFileReference; lastKnownFileType = sourcecode.swift; path = LogInView.swift; sourceTree = "<group>"; };
		8402F1E52AF1275E007E608E /* InputView.swift */ = {isa = PBXFileReference; lastKnownFileType = sourcecode.swift; path = InputView.swift; sourceTree = "<group>"; };
		8416C41A2AF26FCA00F27035 /* AuthViewModel.swift */ = {isa = PBXFileReference; lastKnownFileType = sourcecode.swift; path = AuthViewModel.swift; sourceTree = "<group>"; };
		849DF6BB2AF20AB300E35D61 /* RegistrationView.swift */ = {isa = PBXFileReference; lastKnownFileType = sourcecode.swift; path = RegistrationView.swift; sourceTree = "<group>"; };
		849DF6BD2AF2133E00E35D61 /* ProfileView.swift */ = {isa = PBXFileReference; lastKnownFileType = sourcecode.swift; path = ProfileView.swift; sourceTree = "<group>"; };
		849DF6BF2AF2148E00E35D61 /* SettingsRowView.swift */ = {isa = PBXFileReference; lastKnownFileType = sourcecode.swift; path = SettingsRowView.swift; sourceTree = "<group>"; };
		849DF6C12AF2160600E35D61 /* User.swift */ = {isa = PBXFileReference; lastKnownFileType = sourcecode.swift; path = User.swift; sourceTree = "<group>"; };
		849DF6C32AF2447B00E35D61 /* GoogleService-Info.plist */ = {isa = PBXFileReference; fileEncoding = 4; lastKnownFileType = text.plist.xml; path = "GoogleService-Info.plist"; sourceTree = "<group>"; };
/* End PBXFileReference section */

/* Begin PBXFrameworksBuildPhase section */
		8402F1C52AF1231E007E608E /* Frameworks */ = {
			isa = PBXFrameworksBuildPhase;
			buildActionMask = 2147483647;
			files = (
				849DF6C72AF2458700E35D61 /* FirebaseAuth in Frameworks */,
				849DF6CD2AF2458700E35D61 /* FirebaseStorage in Frameworks */,
				849DF6C92AF2458700E35D61 /* FirebaseFirestore in Frameworks */,
				849DF6CB2AF2458700E35D61 /* FirebaseFirestoreSwift in Frameworks */,
			);
			runOnlyForDeploymentPostprocessing = 0;
		};
/* End PBXFrameworksBuildPhase section */

/* Begin PBXGroup section */
		8402F1BF2AF1231E007E608E = {
			isa = PBXGroup;
			children = (
				8402F1D22AF12320007E608E /* Preview Assets.xcassets */,
				8402F1CA2AF1231E007E608E /* Auth */,
				8402F1C92AF1231E007E608E /* Products */,
			);
			sourceTree = "<group>";
		};
		8402F1C92AF1231E007E608E /* Products */ = {
			isa = PBXGroup;
			children = (
				8402F1C82AF1231E007E608E /* Auth.app */,
			);
			name = Products;
			sourceTree = "<group>";
		};
		8402F1CA2AF1231E007E608E /* Auth */ = {
			isa = PBXGroup;
			children = (
				8402F1DD2AF12351007E608E /* App */,
				8402F1DB2AF12344007E608E /* Components */,
				8402F1DA2AF1233E007E608E /* Core */,
				8402F1DE2AF1238B007E608E /* Model */,
				8402F1CF2AF12320007E608E /* Assets.xcassets */,
				849DF6C32AF2447B00E35D61 /* GoogleService-Info.plist */,
				8402F1D12AF12320007E608E /* Preview Content */,
			);
			path = Auth;
			sourceTree = "<group>";
		};
		8402F1D12AF12320007E608E /* Preview Content */ = {
			isa = PBXGroup;
			children = (
			);
			path = "Preview Content";
			sourceTree = "<group>";
		};
		8402F1DA2AF1233E007E608E /* Core */ = {
			isa = PBXGroup;
			children = (
				8402F1E02AF123F6007E608E /* authentication */,
				8402F1E12AF12404007E608E /* Profile */,
				8402F1DF2AF123C6007E608E /* Root */,
			);
			path = Core;
			sourceTree = "<group>";
		};
		8402F1DB2AF12344007E608E /* Components */ = {
			isa = PBXGroup;
			children = (
				8402F1E52AF1275E007E608E /* InputView.swift */,
				849DF6BF2AF2148E00E35D61 /* SettingsRowView.swift */,
			);
			path = Components;
			sourceTree = "<group>";
		};
		8402F1DD2AF12351007E608E /* App */ = {
			isa = PBXGroup;
			children = (
				8402F1CB2AF1231E007E608E /* AuthApp.swift */,
			);
			path = App;
			sourceTree = "<group>";
		};
		8402F1DE2AF1238B007E608E /* Model */ = {
			isa = PBXGroup;
			children = (
				849DF6C12AF2160600E35D61 /* User.swift */,
			);
			path = Model;
			sourceTree = "<group>";
		};
		8402F1DF2AF123C6007E608E /* Root */ = {
			isa = PBXGroup;
			children = (
				8402F1CD2AF1231E007E608E /* ContentView.swift */,
			);
			path = Root;
			sourceTree = "<group>";
		};
		8402F1E02AF123F6007E608E /* authentication */ = {
			isa = PBXGroup;
			children = (
				849DF6CF2AF245C500E35D61 /* ViewModel */,
				849DF6CE2AF245BF00E35D61 /* View */,
			);
			path = authentication;
			sourceTree = "<group>";
		};
		8402F1E12AF12404007E608E /* Profile */ = {
			isa = PBXGroup;
			children = (
				849DF6BD2AF2133E00E35D61 /* ProfileView.swift */,
			);
			path = Profile;
			sourceTree = "<group>";
		};
		849DF6CE2AF245BF00E35D61 /* View */ = {
			isa = PBXGroup;
			children = (
				8402F1E32AF1244C007E608E /* LogInView.swift */,
				849DF6BB2AF20AB300E35D61 /* RegistrationView.swift */,
			);
			path = View;
			sourceTree = "<group>";
		};
		849DF6CF2AF245C500E35D61 /* ViewModel */ = {
			isa = PBXGroup;
			children = (
				8416C41A2AF26FCA00F27035 /* AuthViewModel.swift */,
			);
			path = ViewModel;
			sourceTree = "<group>";
		};
/* End PBXGroup section */

/* Begin PBXNativeTarget section */
		8402F1C72AF1231E007E608E /* Auth */ = {
			isa = PBXNativeTarget;
			buildConfigurationList = 8402F1D62AF12320007E608E /* Build configuration list for PBXNativeTarget "Auth" */;
			buildPhases = (
				8402F1C42AF1231E007E608E /* Sources */,
				8402F1C52AF1231E007E608E /* Frameworks */,
				8402F1C62AF1231E007E608E /* Resources */,
			);
			buildRules = (
			);
			dependencies = (
			);
			name = Auth;
			packageProductDependencies = (
				849DF6C62AF2458700E35D61 /* FirebaseAuth */,
				849DF6C82AF2458700E35D61 /* FirebaseFirestore */,
				849DF6CA2AF2458700E35D61 /* FirebaseFirestoreSwift */,
				849DF6CC2AF2458700E35D61 /* FirebaseStorage */,
			);
			productName = Auth;
			productReference = 8402F1C82AF1231E007E608E /* Auth.app */;
			productType = "com.apple.product-type.application";
		};
/* End PBXNativeTarget section */

/* Begin PBXProject section */
		8402F1C02AF1231E007E608E /* Project object */ = {
			isa = PBXProject;
			attributes = {
				BuildIndependentTargetsInParallel = 1;
				LastSwiftUpdateCheck = 1340;
				LastUpgradeCheck = 1340;
				TargetAttributes = {
					8402F1C72AF1231E007E608E = {
						CreatedOnToolsVersion = 13.4.1;
					};
				};
			};
			buildConfigurationList = 8402F1C32AF1231E007E608E /* Build configuration list for PBXProject "Auth" */;
			compatibilityVersion = "Xcode 13.0";
			developmentRegion = en;
			hasScannedForEncodings = 0;
			knownRegions = (
				en,
				Base,
			);
			mainGroup = 8402F1BF2AF1231E007E608E;
			packageReferences = (
				849DF6C52AF2458700E35D61 /* XCRemoteSwiftPackageReference "firebase-ios-sdk" */,
			);
			productRefGroup = 8402F1C92AF1231E007E608E /* Products */;
			projectDirPath = "";
			projectRoot = "";
			targets = (
				8402F1C72AF1231E007E608E /* Auth */,
			);
		};
/* End PBXProject section */

/* Begin PBXResourcesBuildPhase section */
		8402F1C62AF1231E007E608E /* Resources */ = {
			isa = PBXResourcesBuildPhase;
			buildActionMask = 2147483647;
			files = (
				8402F1D32AF12320007E608E /* Preview Assets.xcassets in Resources */,
				849DF6C42AF2447B00E35D61 /* GoogleService-Info.plist in Resources */,
				8402F1D02AF12320007E608E /* Assets.xcassets in Resources */,
			);
			runOnlyForDeploymentPostprocessing = 0;
		};
/* End PBXResourcesBuildPhase section */

/* Begin PBXSourcesBuildPhase section */
		8402F1C42AF1231E007E608E /* Sources */ = {
			isa = PBXSourcesBuildPhase;
			buildActionMask = 2147483647;
			files = (
				8402F1E42AF1244C007E608E /* LogInView.swift in Sources */,
				8402F1E62AF1275E007E608E /* InputView.swift in Sources */,
				8402F1CE2AF1231E007E608E /* ContentView.swift in Sources */,
				8402F1CC2AF1231E007E608E /* AuthApp.swift in Sources */,
				849DF6C22AF2160600E35D61 /* User.swift in Sources */,
				849DF6BE2AF2133E00E35D61 /* ProfileView.swift in Sources */,
				849DF6BC2AF20AB300E35D61 /* RegistrationView.swift in Sources */,
				8416C41B2AF26FCA00F27035 /* AuthViewModel.swift in Sources */,
				849DF6C02AF2148E00E35D61 /* SettingsRowView.swift in Sources */,
			);
			runOnlyForDeploymentPostprocessing = 0;
		};
/* End PBXSourcesBuildPhase section */

/* Begin XCBuildConfiguration section */
		8402F1D42AF12320007E608E /* Debug */ = {
			isa = XCBuildConfiguration;
			buildSettings = {
				ALWAYS_SEARCH_USER_PATHS = NO;
				CLANG_ANALYZER_NONNULL = YES;
				CLANG_ANALYZER_NUMBER_OBJECT_CONVERSION = YES_AGGRESSIVE;
				CLANG_CXX_LANGUAGE_STANDARD = "gnu++17";
				CLANG_ENABLE_MODULES = YES;
				CLANG_ENABLE_OBJC_ARC = YES;
				CLANG_ENABLE_OBJC_WEAK = YES;
				CLANG_WARN_BLOCK_CAPTURE_AUTORELEASING = YES;
				CLANG_WARN_BOOL_CONVERSION = YES;
				CLANG_WARN_COMMA = YES;
				CLANG_WARN_CONSTANT_CONVERSION = YES;
				CLANG_WARN_DEPRECATED_OBJC_IMPLEMENTATIONS = YES;
				CLANG_WARN_DIRECT_OBJC_ISA_USAGE = YES_ERROR;
				CLANG_WARN_DOCUMENTATION_COMMENTS = YES;
				CLANG_WARN_EMPTY_BODY = YES;
				CLANG_WARN_ENUM_CONVERSION = YES;
				CLANG_WARN_INFINITE_RECURSION = YES;
				CLANG_WARN_INT_CONVERSION = YES;
				CLANG_WARN_NON_LITERAL_NULL_CONVERSION = YES;
				CLANG_WARN_OBJC_IMPLICIT_RETAIN_SELF = YES;
				CLANG_WARN_OBJC_LITERAL_CONVERSION = YES;
				CLANG_WARN_OBJC_ROOT_CLASS = YES_ERROR;
				CLANG_WARN_QUOTED_INCLUDE_IN_FRAMEWORK_HEADER = YES;
				CLANG_WARN_RANGE_LOOP_ANALYSIS = YES;
				CLANG_WARN_STRICT_PROTOTYPES = YES;
				CLANG_WARN_SUSPICIOUS_MOVE = YES;
				CLANG_WARN_UNGUARDED_AVAILABILITY = YES_AGGRESSIVE;
				CLANG_WARN_UNREACHABLE_CODE = YES;
				CLANG_WARN__DUPLICATE_METHOD_MATCH = YES;
				COPY_PHASE_STRIP = NO;
				DEBUG_INFORMATION_FORMAT = dwarf;
				ENABLE_STRICT_OBJC_MSGSEND = YES;
				ENABLE_TESTABILITY = YES;
				GCC_C_LANGUAGE_STANDARD = gnu11;
				GCC_DYNAMIC_NO_PIC = NO;
				GCC_NO_COMMON_BLOCKS = YES;
				GCC_OPTIMIZATION_LEVEL = 0;
				GCC_PREPROCESSOR_DEFINITIONS = (
					"DEBUG=1",
					"$(inherited)",
				);
				GCC_WARN_64_TO_32_BIT_CONVERSION = YES;
				GCC_WARN_ABOUT_RETURN_TYPE = YES_ERROR;
				GCC_WARN_UNDECLARED_SELECTOR = YES;
				GCC_WARN_UNINITIALIZED_AUTOS = YES_AGGRESSIVE;
				GCC_WARN_UNUSED_FUNCTION = YES;
				GCC_WARN_UNUSED_VARIABLE = YES;
				IPHONEOS_DEPLOYMENT_TARGET = 15.5;
				MTL_ENABLE_DEBUG_INFO = INCLUDE_SOURCE;
				MTL_FAST_MATH = YES;
				ONLY_ACTIVE_ARCH = YES;
				SDKROOT = iphoneos;
				SWIFT_ACTIVE_COMPILATION_CONDITIONS = DEBUG;
				SWIFT_OPTIMIZATION_LEVEL = "-Onone";
			};
			name = Debug;
		};
		8402F1D52AF12320007E608E /* Release */ = {
			isa = XCBuildConfiguration;
			buildSettings = {
				ALWAYS_SEARCH_USER_PATHS = NO;
				CLANG_ANALYZER_NONNULL = YES;
				CLANG_ANALYZER_NUMBER_OBJECT_CONVERSION = YES_AGGRESSIVE;
				CLANG_CXX_LANGUAGE_STANDARD = "gnu++17";
				CLANG_ENABLE_MODULES = YES;
				CLANG_ENABLE_OBJC_ARC = YES;
				CLANG_ENABLE_OBJC_WEAK = YES;
				CLANG_WARN_BLOCK_CAPTURE_AUTORELEASING = YES;
				CLANG_WARN_BOOL_CONVERSION = YES;
				CLANG_WARN_COMMA = YES;
				CLANG_WARN_CONSTANT_CONVERSION = YES;
				CLANG_WARN_DEPRECATED_OBJC_IMPLEMENTATIONS = YES;
				CLANG_WARN_DIRECT_OBJC_ISA_USAGE = YES_ERROR;
				CLANG_WARN_DOCUMENTATION_COMMENTS = YES;
				CLANG_WARN_EMPTY_BODY = YES;
				CLANG_WARN_ENUM_CONVERSION = YES;
				CLANG_WARN_INFINITE_RECURSION = YES;
				CLANG_WARN_INT_CONVERSION = YES;
				CLANG_WARN_NON_LITERAL_NULL_CONVERSION = YES;
				CLANG_WARN_OBJC_IMPLICIT_RETAIN_SELF = YES;
				CLANG_WARN_OBJC_LITERAL_CONVERSION = YES;
				CLANG_WARN_OBJC_ROOT_CLASS = YES_ERROR;
				CLANG_WARN_QUOTED_INCLUDE_IN_FRAMEWORK_HEADER = YES;
				CLANG_WARN_RANGE_LOOP_ANALYSIS = YES;
				CLANG_WARN_STRICT_PROTOTYPES = YES;
				CLANG_WARN_SUSPICIOUS_MOVE = YES;
				CLANG_WARN_UNGUARDED_AVAILABILITY = YES_AGGRESSIVE;
				CLANG_WARN_UNREACHABLE_CODE = YES;
				CLANG_WARN__DUPLICATE_METHOD_MATCH = YES;
				COPY_PHASE_STRIP = NO;
				DEBUG_INFORMATION_FORMAT = "dwarf-with-dsym";
				ENABLE_NS_ASSERTIONS = NO;
				ENABLE_STRICT_OBJC_MSGSEND = YES;
				GCC_C_LANGUAGE_STANDARD = gnu11;
				GCC_NO_COMMON_BLOCKS = YES;
				GCC_WARN_64_TO_32_BIT_CONVERSION = YES;
				GCC_WARN_ABOUT_RETURN_TYPE = YES_ERROR;
				GCC_WARN_UNDECLARED_SELECTOR = YES;
				GCC_WARN_UNINITIALIZED_AUTOS = YES_AGGRESSIVE;
				GCC_WARN_UNUSED_FUNCTION = YES;
				GCC_WARN_UNUSED_VARIABLE = YES;
				IPHONEOS_DEPLOYMENT_TARGET = 15.5;
				MTL_ENABLE_DEBUG_INFO = NO;
				MTL_FAST_MATH = YES;
				SDKROOT = iphoneos;
				SWIFT_COMPILATION_MODE = wholemodule;
				SWIFT_OPTIMIZATION_LEVEL = "-O";
				VALIDATE_PRODUCT = YES;
			};
			name = Release;
		};
		8402F1D72AF12320007E608E /* Debug */ = {
			isa = XCBuildConfiguration;
			buildSettings = {
				ASSETCATALOG_COMPILER_APPICON_NAME = AppIcon;
				ASSETCATALOG_COMPILER_GLOBAL_ACCENT_COLOR_NAME = AccentColor;
				CODE_SIGN_STYLE = Automatic;
				CURRENT_PROJECT_VERSION = 1;
				DEVELOPMENT_ASSET_PATHS = "\"Auth/Preview Content\"";
				ENABLE_PREVIEWS = YES;
				GENERATE_INFOPLIST_FILE = YES;
				INFOPLIST_KEY_UIApplicationSceneManifest_Generation = YES;
				INFOPLIST_KEY_UIApplicationSupportsIndirectInputEvents = YES;
				INFOPLIST_KEY_UILaunchScreen_Generation = YES;
				INFOPLIST_KEY_UISupportedInterfaceOrientations = "UIInterfaceOrientationPortrait UIInterfaceOrientationLandscapeLeft UIInterfaceOrientationLandscapeRight";
				INFOPLIST_KEY_UISupportedInterfaceOrientations_iPad = "UIInterfaceOrientationPortrait UIInterfaceOrientationPortraitUpsideDown UIInterfaceOrientationLandscapeLeft UIInterfaceOrientationLandscapeRight";
				INFOPLIST_KEY_UISupportedInterfaceOrientations_iPhone = "UIInterfaceOrientationPortrait UIInterfaceOrientationLandscapeLeft UIInterfaceOrientationLandscapeRight";
				LD_RUNPATH_SEARCH_PATHS = (
					"$(inherited)",
					"@executable_path/Frameworks",
				);
				MARKETING_VERSION = 1.0;
				PRODUCT_BUNDLE_IDENTIFIER = teo.nemsadze.Auth;
				PRODUCT_NAME = "$(TARGET_NAME)";
				SWIFT_EMIT_LOC_STRINGS = YES;
				SWIFT_VERSION = 5.0;
				TARGETED_DEVICE_FAMILY = "1,2";
			};
			name = Debug;
		};
		8402F1D82AF12320007E608E /* Release */ = {
			isa = XCBuildConfiguration;
			buildSettings = {
				ASSETCATALOG_COMPILER_APPICON_NAME = AppIcon;
				ASSETCATALOG_COMPILER_GLOBAL_ACCENT_COLOR_NAME = AccentColor;
				CODE_SIGN_STYLE = Automatic;
				CURRENT_PROJECT_VERSION = 1;
				DEVELOPMENT_ASSET_PATHS = "\"Auth/Preview Content\"";
				ENABLE_PREVIEWS = YES;
				GENERATE_INFOPLIST_FILE = YES;
				INFOPLIST_KEY_UIApplicationSceneManifest_Generation = YES;
				INFOPLIST_KEY_UIApplicationSupportsIndirectInputEvents = YES;
				INFOPLIST_KEY_UILaunchScreen_Generation = YES;
				INFOPLIST_KEY_UISupportedInterfaceOrientations = "UIInterfaceOrientationPortrait UIInterfaceOrientationLandscapeLeft UIInterfaceOrientationLandscapeRight";
				INFOPLIST_KEY_UISupportedInterfaceOrientations_iPad = "UIInterfaceOrientationPortrait UIInterfaceOrientationPortraitUpsideDown UIInterfaceOrientationLandscapeLeft UIInterfaceOrientationLandscapeRight";
				INFOPLIST_KEY_UISupportedInterfaceOrientations_iPhone = "UIInterfaceOrientationPortrait UIInterfaceOrientationLandscapeLeft UIInterfaceOrientationLandscapeRight";
				LD_RUNPATH_SEARCH_PATHS = (
					"$(inherited)",
					"@executable_path/Frameworks",
				);
				MARKETING_VERSION = 1.0;
				PRODUCT_BUNDLE_IDENTIFIER = teo.nemsadze.Auth;
				PRODUCT_NAME = "$(TARGET_NAME)";
				SWIFT_EMIT_LOC_STRINGS = YES;
				SWIFT_VERSION = 5.0;
				TARGETED_DEVICE_FAMILY = "1,2";
			};
			name = Release;
		};
/* End XCBuildConfiguration section */

/* Begin XCConfigurationList section */
		8402F1C32AF1231E007E608E /* Build configuration list for PBXProject "Auth" */ = {
			isa = XCConfigurationList;
			buildConfigurations = (
				8402F1D42AF12320007E608E /* Debug */,
				8402F1D52AF12320007E608E /* Release */,
			);
			defaultConfigurationIsVisible = 0;
			defaultConfigurationName = Release;
		};
		8402F1D62AF12320007E608E /* Build configuration list for PBXNativeTarget "Auth" */ = {
			isa = XCConfigurationList;
			buildConfigurations = (
				8402F1D72AF12320007E608E /* Debug */,
				8402F1D82AF12320007E608E /* Release */,
			);
			defaultConfigurationIsVisible = 0;
			defaultConfigurationName = Release;
		};
/* End XCConfigurationList section */

/* Begin XCRemoteSwiftPackageReference section */
		849DF6C52AF2458700E35D61 /* XCRemoteSwiftPackageReference "firebase-ios-sdk" */ = {
			isa = XCRemoteSwiftPackageReference;
			repositoryURL = "https://github.com/firebase/firebase-ios-sdk.git";
			requirement = {
				branch = master;
				kind = branch;
			};
		};
/* End XCRemoteSwiftPackageReference section */

/* Begin XCSwiftPackageProductDependency section */
		849DF6C62AF2458700E35D61 /* FirebaseAuth */ = {
			isa = XCSwiftPackageProductDependency;
			package = 849DF6C52AF2458700E35D61 /* XCRemoteSwiftPackageReference "firebase-ios-sdk" */;
			productName = FirebaseAuth;
		};
		849DF6C82AF2458700E35D61 /* FirebaseFirestore */ = {
			isa = XCSwiftPackageProductDependency;
			package = 849DF6C52AF2458700E35D61 /* XCRemoteSwiftPackageReference "firebase-ios-sdk" */;
			productName = FirebaseFirestore;
		};
		849DF6CA2AF2458700E35D61 /* FirebaseFirestoreSwift */ = {
			isa = XCSwiftPackageProductDependency;
			package = 849DF6C52AF2458700E35D61 /* XCRemoteSwiftPackageReference "firebase-ios-sdk" */;
			productName = FirebaseFirestoreSwift;
		};
		849DF6CC2AF2458700E35D61 /* FirebaseStorage */ = {
			isa = XCSwiftPackageProductDependency;
			package = 849DF6C52AF2458700E35D61 /* XCRemoteSwiftPackageReference "firebase-ios-sdk" */;
			productName = FirebaseStorage;
		};
/* End XCSwiftPackageProductDependency section */
	};
	rootObject = 8402F1C02AF1231E007E608E /* Project object */;
}
